// !$*UTF8*$!
{
	archiveVersion = 1;
	classes = {
	};
	objectVersion = 50;
	objects = {

/* Begin PBXBuildFile section */
		D00C115F20CCDBCB0037D8D4 /* wholeNumber.cpp in Sources */ = {isa = PBXBuildFile; fileRef = D00C115A20CCDBCB0037D8D4 /* wholeNumber.cpp */; };
		D00C116020CCDBCB0037D8D4 /* fibonacci.cpp in Sources */ = {isa = PBXBuildFile; fileRef = D00C115B20CCDBCB0037D8D4 /* fibonacci.cpp */; };
		D00C116120CCDBCB0037D8D4 /* assignment07.cpp in Sources */ = {isa = PBXBuildFile; fileRef = D00C115C20CCDBCB0037D8D4 /* assignment07.cpp */; };
/* End PBXBuildFile section */

/* Begin PBXCopyFilesBuildPhase section */
		D00C114D20CCDADA0037D8D4 /* CopyFiles */ = {
			isa = PBXCopyFilesBuildPhase;
			buildActionMask = 2147483647;
			dstPath = /usr/share/man/man1/;
			dstSubfolderSpec = 0;
			files = (
			);
			runOnlyForDeploymentPostprocessing = 1;
		};
/* End PBXCopyFilesBuildPhase section */

/* Begin PBXFileReference section */
		D00C114F20CCDADA0037D8D4 /* testList */ = {isa = PBXFileReference; explicitFileType = "compiled.mach-o.executable"; includeInIndex = 0; path = testList; sourceTree = BUILT_PRODUCTS_DIR; };
		D00C115920CCDBCB0037D8D4 /* wholeNumber.h */ = {isa = PBXFileReference; fileEncoding = 4; lastKnownFileType = sourcecode.c.h; path = wholeNumber.h; sourceTree = "<group>"; };
		D00C115A20CCDBCB0037D8D4 /* wholeNumber.cpp */ = {isa = PBXFileReference; fileEncoding = 4; lastKnownFileType = sourcecode.cpp.cpp; path = wholeNumber.cpp; sourceTree = "<group>"; };
		D00C115B20CCDBCB0037D8D4 /* fibonacci.cpp */ = {isa = PBXFileReference; fileEncoding = 4; lastKnownFileType = sourcecode.cpp.cpp; path = fibonacci.cpp; sourceTree = "<group>"; };
		D00C115C20CCDBCB0037D8D4 /* assignment07.cpp */ = {isa = PBXFileReference; fileEncoding = 4; lastKnownFileType = sourcecode.cpp.cpp; path = assignment07.cpp; sourceTree = "<group>"; };
		D00C115D20CCDBCB0037D8D4 /* fibonacci.h */ = {isa = PBXFileReference; fileEncoding = 4; lastKnownFileType = sourcecode.c.h; path = fibonacci.h; sourceTree = "<group>"; };
		D00C115E20CCDBCB0037D8D4 /* list.h */ = {isa = PBXFileReference; fileEncoding = 4; lastKnownFileType = sourcecode.c.h; path = list.h; sourceTree = "<group>"; };
/* End PBXFileReference section */

/* Begin PBXFrameworksBuildPhase section */
		D00C114C20CCDADA0037D8D4 /* Frameworks */ = {
			isa = PBXFrameworksBuildPhase;
			buildActionMask = 2147483647;
			files = (
			);
			runOnlyForDeploymentPostprocessing = 0;
		};
/* End PBXFrameworksBuildPhase section */

/* Begin PBXGroup section */
		D00C114620CCDADA0037D8D4 = {
			isa = PBXGroup;
			children = (
				D00C115120CCDADA0037D8D4 /* testList */,
				D00C115020CCDADA0037D8D4 /* Products */,
			);
			sourceTree = "<group>";
		};
		D00C115020CCDADA0037D8D4 /* Products */ = {
			isa = PBXGroup;
			children = (
				D00C114F20CCDADA0037D8D4 /* testList */,
			);
			name = Products;
			sourceTree = "<group>";
		};
		D00C115120CCDADA0037D8D4 /* testList */ = {
			isa = PBXGroup;
			children = (
				D00C115C20CCDBCB0037D8D4 /* assignment07.cpp */,
				D00C115B20CCDBCB0037D8D4 /* fibonacci.cpp */,
				D00C115D20CCDBCB0037D8D4 /* fibonacci.h */,
				D00C115E20CCDBCB0037D8D4 /* list.h */,
				D00C115A20CCDBCB0037D8D4 /* wholeNumber.cpp */,
				D00C115920CCDBCB0037D8D4 /* wholeNumber.h */,
			);
			path = testList;
			sourceTree = "<group>";
		};
/* End PBXGroup section */

/* Begin PBXNativeTarget section */
		D00C114E20CCDADA0037D8D4 /* testList */ = {
			isa = PBXNativeTarget;
			buildConfigurationList = D00C115620CCDADA0037D8D4 /* Build configuration list for PBXNativeTarget "testList" */;
			buildPhases = (
				D00C114B20CCDADA0037D8D4 /* Sources */,
				D00C114C20CCDADA0037D8D4 /* Frameworks */,
				D00C114D20CCDADA0037D8D4 /* CopyFiles */,
			);
			buildRules = (
			);
			dependencies = (
			);
			name = testList;
			productName = testList;
			productReference = D00C114F20CCDADA0037D8D4 /* testList */;
			productType = "com.apple.product-type.tool";
		};
/* End PBXNativeTarget section */

/* Begin PBXProject section */
		D00C114720CCDADA0037D8D4 /* Project object */ = {
			isa = PBXProject;
			attributes = {
				LastUpgradeCheck = 0940;
				ORGANIZATIONNAME = jEnoch;
				TargetAttributes = {
					D00C114E20CCDADA0037D8D4 = {
						CreatedOnToolsVersion = 9.4;
					};
				};
			};
			buildConfigurationList = D00C114A20CCDADA0037D8D4 /* Build configuration list for PBXProject "testList" */;
			compatibilityVersion = "Xcode 9.3";
			developmentRegion = en;
			hasScannedForEncodings = 0;
			knownRegions = (
				en,
			);
			mainGroup = D00C114620CCDADA0037D8D4;
			productRefGroup = D00C115020CCDADA0037D8D4 /* Products */;
			projectDirPath = "";
			projectRoot = "";
			targets = (
				D00C114E20CCDADA0037D8D4 /* testList */,
			);
		};
/* End PBXProject section */

/* Begin PBXSourcesBuildPhase section */
		D00C114B20CCDADA0037D8D4 /* Sources */ = {
			isa = PBXSourcesBuildPhase;
			buildActionMask = 2147483647;
			files = (
				D00C116020CCDBCB0037D8D4 /* fibonacci.cpp in Sources */,
				D00C115F20CCDBCB0037D8D4 /* wholeNumber.cpp in Sources */,
				D00C116120CCDBCB0037D8D4 /* assignment07.cpp in Sources */,
			);
			runOnlyForDeploymentPostprocessing = 0;
		};
/* End PBXSourcesBuildPhase section */

/* Begin XCBuildConfiguration section */
		D00C115420CCDADA0037D8D4 /* Debug */ = {
			isa = XCBuildConfiguration;
			buildSettings = {
				ALWAYS_SEARCH_USER_PATHS = NO;
				CLANG_ANALYZER_NONNULL = YES;
				CLANG_ANALYZER_NUMBER_OBJECT_CONVERSION = YES_AGGRESSIVE;
				CLANG_CXX_LANGUAGE_STANDARD = "gnu++14";
				CLANG_CXX_LIBRARY = "libc++";
				CLANG_ENABLE_MODULES = YES;
				CLANG_ENABLE_OBJC_ARC = YES;
				CLANG_ENABLE_OBJC_WEAK = YES;
				CLANG_WARN_BLOCK_CAPTURE_AUTORELEASING = YES;
				CLANG_WARN_BOOL_CONVERSION = YES;
				CLANG_WARN_COMMA = YES;
				CLANG_WARN_CONSTANT_CONVERSION = YES;
				CLANG_WARN_DEPRECATED_OBJC_IMPLEMENTATIONS = YES;
				CLANG_WARN_DIRECT_OBJC_ISA_USAGE = YES_ERROR;
				CLANG_WARN_DOCUMENTATION_COMMENTS = YES;
				CLANG_WARN_EMPTY_BODY = YES;
				CLANG_WARN_ENUM_CONVERSION = YES;
				CLANG_WARN_INFINITE_RECURSION = YES;
				CLANG_WARN_INT_CONVERSION = YES;
				CLANG_WARN_NON_LITERAL_NULL_CONVERSION = YES;
				CLANG_WARN_OBJC_IMPLICIT_RETAIN_SELF = YES;
				CLANG_WARN_OBJC_LITERAL_CONVERSION = YES;
				CLANG_WARN_OBJC_ROOT_CLASS = YES_ERROR;
				CLANG_WARN_RANGE_LOOP_ANALYSIS = YES;
				CLANG_WARN_STRICT_PROTOTYPES = YES;
				CLANG_WARN_SUSPICIOUS_MOVE = YES;
				CLANG_WARN_UNGUARDED_AVAILABILITY = YES_AGGRESSIVE;
				CLANG_WARN_UNREACHABLE_CODE = YES;
				CLANG_WARN__DUPLICATE_METHOD_MATCH = YES;
				CODE_SIGN_IDENTITY = "-";
				COPY_PHASE_STRIP = NO;
				DEBUG_INFORMATION_FORMAT = dwarf;
				ENABLE_STRICT_OBJC_MSGSEND = YES;
				ENABLE_TESTABILITY = YES;
				GCC_C_LANGUAGE_STANDARD = gnu11;
				GCC_DYNAMIC_NO_PIC = NO;
				GCC_NO_COMMON_BLOCKS = YES;
				GCC_OPTIMIZATION_LEVEL = 0;
				GCC_PREPROCESSOR_DEFINITIONS = (
					"DEBUG=1",
					"$(inherited)",
				);
				GCC_WARN_64_TO_32_BIT_CONVERSION = YES;
				GCC_WARN_ABOUT_RETURN_TYPE = YES_ERROR;
				GCC_WARN_UNDECLARED_SELECTOR = YES;
				GCC_WARN_UNINITIALIZED_AUTOS = YES_AGGRESSIVE;
				GCC_WARN_UNUSED_FUNCTION = YES;
				GCC_WARN_UNUSED_VARIABLE = YES;
				MACOSX_DEPLOYMENT_TARGET = 10.13;
				MTL_ENABLE_DEBUG_INFO = YES;
				ONLY_ACTIVE_ARCH = YES;
				SDKROOT = macosx;
			};
			name = Debug;
		};
		D00C115520CCDADA0037D8D4 /* Release */ = {
			isa = XCBuildConfiguration;
			buildSettings = {
				ALWAYS_SEARCH_USER_PATHS = NO;
				CLANG_ANALYZER_NONNULL = YES;
				CLANG_ANALYZER_NUMBER_OBJECT_CONVERSION = YES_AGGRESSIVE;
				CLANG_CXX_LANGUAGE_STANDARD = "gnu++14";
				CLANG_CXX_LIBRARY = "libc++";
				CLANG_ENABLE_MODULES = YES;
				CLANG_ENABLE_OBJC_ARC = YES;
				CLANG_ENABLE_OBJC_WEAK = YES;
				CLANG_WARN_BLOCK_CAPTURE_AUTORELEASING = YES;
				CLANG_WARN_BOOL_CONVERSION = YES;
				CLANG_WARN_COMMA = YES;
				CLANG_WARN_CONSTANT_CONVERSION = YES;
				CLANG_WARN_DEPRECATED_OBJC_IMPLEMENTATIONS = YES;
				CLANG_WARN_DIRECT_OBJC_ISA_USAGE = YES_ERROR;
				CLANG_WARN_DOCUMENTATION_COMMENTS = YES;
				CLANG_WARN_EMPTY_BODY = YES;
				CLANG_WARN_ENUM_CONVERSION = YES;
				CLANG_WARN_INFINITE_RECURSION = YES;
				CLANG_WARN_INT_CONVERSION = YES;
				CLANG_WARN_NON_LITERAL_NULL_CONVERSION = YES;
				CLANG_WARN_OBJC_IMPLICIT_RETAIN_SELF = YES;
				CLANG_WARN_OBJC_LITERAL_CONVERSION = YES;
				CLANG_WARN_OBJC_ROOT_CLASS = YES_ERROR;
				CLANG_WARN_RANGE_LOOP_ANALYSIS = YES;
				CLANG_WARN_STRICT_PROTOTYPES = YES;
				CLANG_WARN_SUSPICIOUS_MOVE = YES;
				CLANG_WARN_UNGUARDED_AVAILABILITY = YES_AGGRESSIVE;
				CLANG_WARN_UNREACHABLE_CODE = YES;
				CLANG_WARN__DUPLICATE_METHOD_MATCH = YES;
				CODE_SIGN_IDENTITY = "-";
				COPY_PHASE_STRIP = NO;
				DEBUG_INFORMATION_FORMAT = "dwarf-with-dsym";
				ENABLE_NS_ASSERTIONS = NO;
				ENABLE_STRICT_OBJC_MSGSEND = YES;
				GCC_C_LANGUAGE_STANDARD = gnu11;
				GCC_NO_COMMON_BLOCKS = YES;
				GCC_WARN_64_TO_32_BIT_CONVERSION = YES;
				GCC_WARN_ABOUT_RETURN_TYPE = YES_ERROR;
				GCC_WARN_UNDECLARED_SELECTOR = YES;
				GCC_WARN_UNINITIALIZED_AUTOS = YES_AGGRESSIVE;
				GCC_WARN_UNUSED_FUNCTION = YES;
				GCC_WARN_UNUSED_VARIABLE = YES;
				MACOSX_DEPLOYMENT_TARGET = 10.13;
				MTL_ENABLE_DEBUG_INFO = NO;
				SDKROOT = macosx;
			};
			name = Release;
		};
		D00C115720CCDADA0037D8D4 /* Debug */ = {
			isa = XCBuildConfiguration;
			buildSettings = {
				CODE_SIGN_STYLE = Automatic;
				PRODUCT_NAME = "$(TARGET_NAME)";
			};
			name = Debug;
		};
		D00C115820CCDADA0037D8D4 /* Release */ = {
			isa = XCBuildConfiguration;
			buildSettings = {
				CODE_SIGN_STYLE = Automatic;
				PRODUCT_NAME = "$(TARGET_NAME)";
			};
			name = Release;
		};
/* End XCBuildConfiguration section */

/* Begin XCConfigurationList section */
		D00C114A20CCDADA0037D8D4 /* Build configuration list for PBXProject "testList" */ = {
			isa = XCConfigurationList;
			buildConfigurations = (
				D00C115420CCDADA0037D8D4 /* Debug */,
				D00C115520CCDADA0037D8D4 /* Release */,
			);
			defaultConfigurationIsVisible = 0;
			defaultConfigurationName = Release;
		};
		D00C115620CCDADA0037D8D4 /* Build configuration list for PBXNativeTarget "testList" */ = {
			isa = XCConfigurationList;
			buildConfigurations = (
				D00C115720CCDADA0037D8D4 /* Debug */,
				D00C115820CCDADA0037D8D4 /* Release */,
			);
			defaultConfigurationIsVisible = 0;
			defaultConfigurationName = Release;
		};
/* End XCConfigurationList section */
	};
	rootObject = D00C114720CCDADA0037D8D4 /* Project object */;
}
