// !$*UTF8*$!
{
	archiveVersion = 1;
	classes = {
	};
	objectVersion = 50;
	objects = {

/* Begin PBXBuildFile section */
		D0BA352320EC6B3000B32B9B /* assignment11.cpp in Sources */ = {isa = PBXBuildFile; fileRef = D0BA351820EC6B2F00B32B9B /* assignment11.cpp */; };
/* End PBXBuildFile section */

/* Begin PBXCopyFilesBuildPhase section */
		D0BA350B20EC6AFA00B32B9B /* CopyFiles */ = {
			isa = PBXCopyFilesBuildPhase;
			buildActionMask = 2147483647;
			dstPath = /usr/share/man/man1/;
			dstSubfolderSpec = 0;
			files = (
			);
			runOnlyForDeploymentPostprocessing = 1;
		};
/* End PBXCopyFilesBuildPhase section */

/* Begin PBXFileReference section */
		D0BA350D20EC6AFA00B32B9B /* a11 */ = {isa = PBXFileReference; explicitFileType = "compiled.mach-o.executable"; includeInIndex = 0; path = a11; sourceTree = BUILT_PRODUCTS_DIR; };
		D0BA351720EC6B2F00B32B9B /* sortMerge.h */ = {isa = PBXFileReference; fileEncoding = 4; lastKnownFileType = sourcecode.c.h; path = sortMerge.h; sourceTree = "<group>"; };
		D0BA351820EC6B2F00B32B9B /* assignment11.cpp */ = {isa = PBXFileReference; fileEncoding = 4; lastKnownFileType = sourcecode.cpp.cpp; path = assignment11.cpp; sourceTree = "<group>"; };
		D0BA351920EC6B2F00B32B9B /* bst.h */ = {isa = PBXFileReference; fileEncoding = 4; lastKnownFileType = sourcecode.c.h; path = bst.h; sourceTree = "<group>"; };
		D0BA351A20EC6B2F00B32B9B /* numbers.txt */ = {isa = PBXFileReference; fileEncoding = 4; lastKnownFileType = text; path = numbers.txt; sourceTree = "<group>"; };
		D0BA351B20EC6B2F00B32B9B /* sortSelection.h */ = {isa = PBXFileReference; fileEncoding = 4; lastKnownFileType = sourcecode.c.h; path = sortSelection.h; sourceTree = "<group>"; };
		D0BA351C20EC6B2F00B32B9B /* sortValue.h */ = {isa = PBXFileReference; fileEncoding = 4; lastKnownFileType = sourcecode.c.h; path = sortValue.h; sourceTree = "<group>"; };
		D0BA351D20EC6B2F00B32B9B /* sortBinary.h */ = {isa = PBXFileReference; fileEncoding = 4; lastKnownFileType = sourcecode.c.h; path = sortBinary.h; sourceTree = "<group>"; };
		D0BA351E20EC6B2F00B32B9B /* sortBubble.h */ = {isa = PBXFileReference; fileEncoding = 4; lastKnownFileType = sourcecode.c.h; path = sortBubble.h; sourceTree = "<group>"; };
		D0BA351F20EC6B2F00B32B9B /* sortHeap.h */ = {isa = PBXFileReference; fileEncoding = 4; lastKnownFileType = sourcecode.c.h; path = sortHeap.h; sourceTree = "<group>"; };
		D0BA352020EC6B2F00B32B9B /* stack.h */ = {isa = PBXFileReference; fileEncoding = 4; lastKnownFileType = sourcecode.c.h; path = stack.h; sourceTree = "<group>"; };
		D0BA352120EC6B3000B32B9B /* sortQuick.h */ = {isa = PBXFileReference; fileEncoding = 4; lastKnownFileType = sourcecode.c.h; path = sortQuick.h; sourceTree = "<group>"; };
		D0BA352220EC6B3000B32B9B /* sortInsertion.h */ = {isa = PBXFileReference; fileEncoding = 4; lastKnownFileType = sourcecode.c.h; path = sortInsertion.h; sourceTree = "<group>"; };
		D0BA352420EC77C400B32B9B /* heap.h */ = {isa = PBXFileReference; lastKnownFileType = sourcecode.c.h; path = heap.h; sourceTree = "<group>"; };
/* End PBXFileReference section */

/* Begin PBXFrameworksBuildPhase section */
		D0BA350A20EC6AFA00B32B9B /* Frameworks */ = {
			isa = PBXFrameworksBuildPhase;
			buildActionMask = 2147483647;
			files = (
			);
			runOnlyForDeploymentPostprocessing = 0;
		};
/* End PBXFrameworksBuildPhase section */

/* Begin PBXGroup section */
		D0BA350420EC6AFA00B32B9B = {
			isa = PBXGroup;
			children = (
				D0BA350F20EC6AFA00B32B9B /* a11 */,
				D0BA350E20EC6AFA00B32B9B /* Products */,
			);
			sourceTree = "<group>";
		};
		D0BA350E20EC6AFA00B32B9B /* Products */ = {
			isa = PBXGroup;
			children = (
				D0BA350D20EC6AFA00B32B9B /* a11 */,
			);
			name = Products;
			sourceTree = "<group>";
		};
		D0BA350F20EC6AFA00B32B9B /* a11 */ = {
			isa = PBXGroup;
			children = (
				D0BA351820EC6B2F00B32B9B /* assignment11.cpp */,
				D0BA351920EC6B2F00B32B9B /* bst.h */,
				D0BA351A20EC6B2F00B32B9B /* numbers.txt */,
				D0BA351D20EC6B2F00B32B9B /* sortBinary.h */,
				D0BA351E20EC6B2F00B32B9B /* sortBubble.h */,
				D0BA351F20EC6B2F00B32B9B /* sortHeap.h */,
				D0BA352420EC77C400B32B9B /* heap.h */,
				D0BA352220EC6B3000B32B9B /* sortInsertion.h */,
				D0BA351720EC6B2F00B32B9B /* sortMerge.h */,
				D0BA352120EC6B3000B32B9B /* sortQuick.h */,
				D0BA351B20EC6B2F00B32B9B /* sortSelection.h */,
				D0BA351C20EC6B2F00B32B9B /* sortValue.h */,
				D0BA352020EC6B2F00B32B9B /* stack.h */,
			);
			path = a11;
			sourceTree = "<group>";
		};
/* End PBXGroup section */

/* Begin PBXNativeTarget section */
		D0BA350C20EC6AFA00B32B9B /* a11 */ = {
			isa = PBXNativeTarget;
			buildConfigurationList = D0BA351420EC6AFA00B32B9B /* Build configuration list for PBXNativeTarget "a11" */;
			buildPhases = (
				D0BA350920EC6AFA00B32B9B /* Sources */,
				D0BA350A20EC6AFA00B32B9B /* Frameworks */,
				D0BA350B20EC6AFA00B32B9B /* CopyFiles */,
			);
			buildRules = (
			);
			dependencies = (
			);
			name = a11;
			productName = a11;
			productReference = D0BA350D20EC6AFA00B32B9B /* a11 */;
			productType = "com.apple.product-type.tool";
		};
/* End PBXNativeTarget section */

/* Begin PBXProject section */
		D0BA350520EC6AFA00B32B9B /* Project object */ = {
			isa = PBXProject;
			attributes = {
				LastUpgradeCheck = 0940;
				ORGANIZATIONNAME = jEnoch;
				TargetAttributes = {
					D0BA350C20EC6AFA00B32B9B = {
						CreatedOnToolsVersion = 9.4.1;
					};
				};
			};
			buildConfigurationList = D0BA350820EC6AFA00B32B9B /* Build configuration list for PBXProject "a11" */;
			compatibilityVersion = "Xcode 9.3";
			developmentRegion = en;
			hasScannedForEncodings = 0;
			knownRegions = (
				en,
			);
			mainGroup = D0BA350420EC6AFA00B32B9B;
			productRefGroup = D0BA350E20EC6AFA00B32B9B /* Products */;
			projectDirPath = "";
			projectRoot = "";
			targets = (
				D0BA350C20EC6AFA00B32B9B /* a11 */,
			);
		};
/* End PBXProject section */

/* Begin PBXSourcesBuildPhase section */
		D0BA350920EC6AFA00B32B9B /* Sources */ = {
			isa = PBXSourcesBuildPhase;
			buildActionMask = 2147483647;
			files = (
				D0BA352320EC6B3000B32B9B /* assignment11.cpp in Sources */,
			);
			runOnlyForDeploymentPostprocessing = 0;
		};
/* End PBXSourcesBuildPhase section */

/* Begin XCBuildConfiguration section */
		D0BA351220EC6AFA00B32B9B /* Debug */ = {
			isa = XCBuildConfiguration;
			buildSettings = {
				ALWAYS_SEARCH_USER_PATHS = NO;
				CLANG_ANALYZER_NONNULL = YES;
				CLANG_ANALYZER_NUMBER_OBJECT_CONVERSION = YES_AGGRESSIVE;
				CLANG_CXX_LANGUAGE_STANDARD = "gnu++14";
				CLANG_CXX_LIBRARY = "libc++";
				CLANG_ENABLE_MODULES = YES;
				CLANG_ENABLE_OBJC_ARC = YES;
				CLANG_ENABLE_OBJC_WEAK = YES;
				CLANG_WARN_BLOCK_CAPTURE_AUTORELEASING = YES;
				CLANG_WARN_BOOL_CONVERSION = YES;
				CLANG_WARN_COMMA = YES;
				CLANG_WARN_CONSTANT_CONVERSION = YES;
				CLANG_WARN_DEPRECATED_OBJC_IMPLEMENTATIONS = YES;
				CLANG_WARN_DIRECT_OBJC_ISA_USAGE = YES_ERROR;
				CLANG_WARN_DOCUMENTATION_COMMENTS = YES;
				CLANG_WARN_EMPTY_BODY = YES;
				CLANG_WARN_ENUM_CONVERSION = YES;
				CLANG_WARN_INFINITE_RECURSION = YES;
				CLANG_WARN_INT_CONVERSION = YES;
				CLANG_WARN_NON_LITERAL_NULL_CONVERSION = YES;
				CLANG_WARN_OBJC_IMPLICIT_RETAIN_SELF = YES;
				CLANG_WARN_OBJC_LITERAL_CONVERSION = YES;
				CLANG_WARN_OBJC_ROOT_CLASS = YES_ERROR;
				CLANG_WARN_RANGE_LOOP_ANALYSIS = YES;
				CLANG_WARN_STRICT_PROTOTYPES = YES;
				CLANG_WARN_SUSPICIOUS_MOVE = YES;
				CLANG_WARN_UNGUARDED_AVAILABILITY = YES_AGGRESSIVE;
				CLANG_WARN_UNREACHABLE_CODE = YES;
				CLANG_WARN__DUPLICATE_METHOD_MATCH = YES;
				CODE_SIGN_IDENTITY = "-";
				COPY_PHASE_STRIP = NO;
				DEBUG_INFORMATION_FORMAT = dwarf;
				ENABLE_STRICT_OBJC_MSGSEND = YES;
				ENABLE_TESTABILITY = YES;
				GCC_C_LANGUAGE_STANDARD = gnu11;
				GCC_DYNAMIC_NO_PIC = NO;
				GCC_NO_COMMON_BLOCKS = YES;
				GCC_OPTIMIZATION_LEVEL = 0;
				GCC_PREPROCESSOR_DEFINITIONS = (
					"DEBUG=1",
					"$(inherited)",
				);
				GCC_WARN_64_TO_32_BIT_CONVERSION = YES;
				GCC_WARN_ABOUT_RETURN_TYPE = YES_ERROR;
				GCC_WARN_UNDECLARED_SELECTOR = YES;
				GCC_WARN_UNINITIALIZED_AUTOS = YES_AGGRESSIVE;
				GCC_WARN_UNUSED_FUNCTION = YES;
				GCC_WARN_UNUSED_VARIABLE = YES;
				MACOSX_DEPLOYMENT_TARGET = 10.13;
				MTL_ENABLE_DEBUG_INFO = YES;
				ONLY_ACTIVE_ARCH = YES;
				SDKROOT = macosx;
			};
			name = Debug;
		};
		D0BA351320EC6AFA00B32B9B /* Release */ = {
			isa = XCBuildConfiguration;
			buildSettings = {
				ALWAYS_SEARCH_USER_PATHS = NO;
				CLANG_ANALYZER_NONNULL = YES;
				CLANG_ANALYZER_NUMBER_OBJECT_CONVERSION = YES_AGGRESSIVE;
				CLANG_CXX_LANGUAGE_STANDARD = "gnu++14";
				CLANG_CXX_LIBRARY = "libc++";
				CLANG_ENABLE_MODULES = YES;
				CLANG_ENABLE_OBJC_ARC = YES;
				CLANG_ENABLE_OBJC_WEAK = YES;
				CLANG_WARN_BLOCK_CAPTURE_AUTORELEASING = YES;
				CLANG_WARN_BOOL_CONVERSION = YES;
				CLANG_WARN_COMMA = YES;
				CLANG_WARN_CONSTANT_CONVERSION = YES;
				CLANG_WARN_DEPRECATED_OBJC_IMPLEMENTATIONS = YES;
				CLANG_WARN_DIRECT_OBJC_ISA_USAGE = YES_ERROR;
				CLANG_WARN_DOCUMENTATION_COMMENTS = YES;
				CLANG_WARN_EMPTY_BODY = YES;
				CLANG_WARN_ENUM_CONVERSION = YES;
				CLANG_WARN_INFINITE_RECURSION = YES;
				CLANG_WARN_INT_CONVERSION = YES;
				CLANG_WARN_NON_LITERAL_NULL_CONVERSION = YES;
				CLANG_WARN_OBJC_IMPLICIT_RETAIN_SELF = YES;
				CLANG_WARN_OBJC_LITERAL_CONVERSION = YES;
				CLANG_WARN_OBJC_ROOT_CLASS = YES_ERROR;
				CLANG_WARN_RANGE_LOOP_ANALYSIS = YES;
				CLANG_WARN_STRICT_PROTOTYPES = YES;
				CLANG_WARN_SUSPICIOUS_MOVE = YES;
				CLANG_WARN_UNGUARDED_AVAILABILITY = YES_AGGRESSIVE;
				CLANG_WARN_UNREACHABLE_CODE = YES;
				CLANG_WARN__DUPLICATE_METHOD_MATCH = YES;
				CODE_SIGN_IDENTITY = "-";
				COPY_PHASE_STRIP = NO;
				DEBUG_INFORMATION_FORMAT = "dwarf-with-dsym";
				ENABLE_NS_ASSERTIONS = NO;
				ENABLE_STRICT_OBJC_MSGSEND = YES;
				GCC_C_LANGUAGE_STANDARD = gnu11;
				GCC_NO_COMMON_BLOCKS = YES;
				GCC_WARN_64_TO_32_BIT_CONVERSION = YES;
				GCC_WARN_ABOUT_RETURN_TYPE = YES_ERROR;
				GCC_WARN_UNDECLARED_SELECTOR = YES;
				GCC_WARN_UNINITIALIZED_AUTOS = YES_AGGRESSIVE;
				GCC_WARN_UNUSED_FUNCTION = YES;
				GCC_WARN_UNUSED_VARIABLE = YES;
				MACOSX_DEPLOYMENT_TARGET = 10.13;
				MTL_ENABLE_DEBUG_INFO = NO;
				SDKROOT = macosx;
			};
			name = Release;
		};
		D0BA351520EC6AFA00B32B9B /* Debug */ = {
			isa = XCBuildConfiguration;
			buildSettings = {
				CODE_SIGN_STYLE = Automatic;
				PRODUCT_NAME = "$(TARGET_NAME)";
			};
			name = Debug;
		};
		D0BA351620EC6AFA00B32B9B /* Release */ = {
			isa = XCBuildConfiguration;
			buildSettings = {
				CODE_SIGN_STYLE = Automatic;
				PRODUCT_NAME = "$(TARGET_NAME)";
			};
			name = Release;
		};
/* End XCBuildConfiguration section */

/* Begin XCConfigurationList section */
		D0BA350820EC6AFA00B32B9B /* Build configuration list for PBXProject "a11" */ = {
			isa = XCConfigurationList;
			buildConfigurations = (
				D0BA351220EC6AFA00B32B9B /* Debug */,
				D0BA351320EC6AFA00B32B9B /* Release */,
			);
			defaultConfigurationIsVisible = 0;
			defaultConfigurationName = Release;
		};
		D0BA351420EC6AFA00B32B9B /* Build configuration list for PBXNativeTarget "a11" */ = {
			isa = XCConfigurationList;
			buildConfigurations = (
				D0BA351520EC6AFA00B32B9B /* Debug */,
				D0BA351620EC6AFA00B32B9B /* Release */,
			);
			defaultConfigurationIsVisible = 0;
			defaultConfigurationName = Release;
		};
/* End XCConfigurationList section */
	};
	rootObject = D0BA350520EC6AFA00B32B9B /* Project object */;
}
